
Microsoft Visual Studio Solution File, Format Version 12.00
# Visual Studio Version 16
VisualStudioVersion = 16.0.29324.140
MinimumVisualStudioVersion = 10.0.40219.1
Project("{FAE04EC0-301F-11D3-BF4B-00C04F79EFBC}") = "Chap1.Android", "Chap1\Chap1.Android\Chap1.Android.csproj", "{9903D83A-650D-445A-94FB-877636D287A0}"
EndProject
Project("{FAE04EC0-301F-11D3-BF4B-00C04F79EFBC}") = "Chap1.iOS", "Chap1\Chap1.iOS\Chap1.iOS.csproj", "{A780040C-6174-47E0-9FCA-AD821CF142EA}"
EndProject
Project("{FAE04EC0-301F-11D3-BF4B-00C04F79EFBC}") = "Chap1", "Chap1\Chap1\Chap1.csproj", "{C6265FEC-ADF4-4D22-B396-1D022AD40AE7}"
EndProject
Global
	GlobalSection(SolutionConfigurationPlatforms) = preSolution
		Debug|Any CPU = Debug|Any CPU
		Debug|iPhone = Debug|iPhone
		Debug|iPhoneSimulator = Debug|iPhoneSimulator
		Release|Any CPU = Release|Any CPU
		Release|iPhone = Release|iPhone
		Release|iPhoneSimulator = Release|iPhoneSimulator
	EndGlobalSection
	GlobalSection(ProjectConfigurationPlatforms) = postSolution
		{9903D83A-650D-445A-94FB-877636D287A0}.Debug|Any CPU.ActiveCfg = Debug|Any CPU
		{9903D83A-650D-445A-94FB-877636D287A0}.Debug|Any CPU.Build.0 = Debug|Any CPU
		{9903D83A-650D-445A-94FB-877636D287A0}.Debug|Any CPU.Deploy.0 = Debug|Any CPU
		{9903D83A-650D-445A-94FB-877636D287A0}.Debug|iPhone.ActiveCfg = Debug|Any CPU
		{9903D83A-650D-445A-94FB-877636D287A0}.Debug|iPhone.Build.0 = Debug|Any CPU
		{9903D83A-650D-445A-94FB-877636D287A0}.Debug|iPhone.Deploy.0 = Debug|Any CPU
		{9903D83A-650D-445A-94FB-877636D287A0}.Debug|iPhoneSimulator.ActiveCfg = Debug|Any CPU
		{9903D83A-650D-445A-94FB-877636D287A0}.Debug|iPhoneSimulator.Build.0 = Debug|Any CPU
		{9903D83A-650D-445A-94FB-877636D287A0}.Debug|iPhoneSimulator.Deploy.0 = Debug|Any CPU
		{9903D83A-650D-445A-94FB-877636D287A0}.Release|Any CPU.ActiveCfg = Release|Any CPU
		{9903D83A-650D-445A-94FB-877636D287A0}.Release|Any CPU.Build.0 = Release|Any CPU
		{9903D83A-650D-445A-94FB-877636D287A0}.Release|Any CPU.Deploy.0 = Release|Any CPU
		{9903D83A-650D-445A-94FB-877636D287A0}.Release|iPhone.ActiveCfg = Release|Any CPU
		{9903D83A-650D-445A-94FB-877636D287A0}.Release|iPhone.Build.0 = Release|Any CPU
		{9903D83A-650D-445A-94FB-877636D287A0}.Release|iPhone.Deploy.0 = Release|Any CPU
		{9903D83A-650D-445A-94FB-877636D287A0}.Release|iPhoneSimulator.ActiveCfg = Release|Any CPU
		{9903D83A-650D-445A-94FB-877636D287A0}.Release|iPhoneSimulator.Build.0 = Release|Any CPU
		{9903D83A-650D-445A-94FB-877636D287A0}.Release|iPhoneSimulator.Deploy.0 = Release|Any CPU
		{A780040C-6174-47E0-9FCA-AD821CF142EA}.Debug|Any CPU.ActiveCfg = Debug|iPhoneSimulator
		{A780040C-6174-47E0-9FCA-AD821CF142EA}.Debug|Any CPU.Build.0 = Debug|iPhoneSimulator
		{A780040C-6174-47E0-9FCA-AD821CF142EA}.Debug|Any CPU.Deploy.0 = Debug|iPhoneSimulator
		{A780040C-6174-47E0-9FCA-AD821CF142EA}.Debug|iPhone.ActiveCfg = Debug|iPhone
		{A780040C-6174-47E0-9FCA-AD821CF142EA}.Debug|iPhone.Build.0 = Debug|iPhone
		{A780040C-6174-47E0-9FCA-AD821CF142EA}.Debug|iPhone.Deploy.0 = Debug|iPhone
		{A780040C-6174-47E0-9FCA-AD821CF142EA}.Debug|iPhoneSimulator.ActiveCfg = Debug|iPhoneSimulator
		{A780040C-6174-47E0-9FCA-AD821CF142EA}.Debug|iPhoneSimulator.Build.0 = Debug|iPhoneSimulator
		{A780040C-6174-47E0-9FCA-AD821CF142EA}.Debug|iPhoneSimulator.Deploy.0 = Debug|iPhoneSimulator
		{A780040C-6174-47E0-9FCA-AD821CF142EA}.Release|Any CPU.ActiveCfg = Release|iPhone
		{A780040C-6174-47E0-9FCA-AD821CF142EA}.Release|Any CPU.Build.0 = Release|iPhone
		{A780040C-6174-47E0-9FCA-AD821CF142EA}.Release|Any CPU.Deploy.0 = Release|iPhone
		{A780040C-6174-47E0-9FCA-AD821CF142EA}.Release|iPhone.ActiveCfg = Release|iPhone
		{A780040C-6174-47E0-9FCA-AD821CF142EA}.Release|iPhone.Build.0 = Release|iPhone
		{A780040C-6174-47E0-9FCA-AD821CF142EA}.Release|iPhone.Deploy.0 = Release|iPhone
		{A780040C-6174-47E0-9FCA-AD821CF142EA}.Release|iPhoneSimulator.ActiveCfg = Release|iPhoneSimulator
		{A780040C-6174-47E0-9FCA-AD821CF142EA}.Release|iPhoneSimulator.Build.0 = Release|iPhoneSimulator
		{A780040C-6174-47E0-9FCA-AD821CF142EA}.Release|iPhoneSimulator.Deploy.0 = Release|iPhoneSimulator
		{C6265FEC-ADF4-4D22-B396-1D022AD40AE7}.Debug|Any CPU.ActiveCfg = Debug|Any CPU
		{C6265FEC-ADF4-4D22-B396-1D022AD40AE7}.Debug|Any CPU.Build.0 = Debug|Any CPU
		{C6265FEC-ADF4-4D22-B396-1D022AD40AE7}.Debug|Any CPU.Deploy.0 = Debug|Any CPU
		{C6265FEC-ADF4-4D22-B396-1D022AD40AE7}.Debug|iPhone.ActiveCfg = Debug|Any CPU
		{C6265FEC-ADF4-4D22-B396-1D022AD40AE7}.Debug|iPhone.Build.0 = Debug|Any CPU
		{C6265FEC-ADF4-4D22-B396-1D022AD40AE7}.Debug|iPhone.Deploy.0 = Debug|Any CPU
		{C6265FEC-ADF4-4D22-B396-1D022AD40AE7}.Debug|iPhoneSimulator.ActiveCfg = Debug|Any CPU
		{C6265FEC-ADF4-4D22-B396-1D022AD40AE7}.Debug|iPhoneSimulator.Build.0 = Debug|Any CPU
		{C6265FEC-ADF4-4D22-B396-1D022AD40AE7}.Debug|iPhoneSimulator.Deploy.0 = Debug|Any CPU
		{C6265FEC-ADF4-4D22-B396-1D022AD40AE7}.Release|Any CPU.ActiveCfg = Release|Any CPU
		{C6265FEC-ADF4-4D22-B396-1D022AD40AE7}.Release|Any CPU.Build.0 = Release|Any CPU
		{C6265FEC-ADF4-4D22-B396-1D022AD40AE7}.Release|Any CPU.Deploy.0 = Release|Any CPU
		{C6265FEC-ADF4-4D22-B396-1D022AD40AE7}.Release|iPhone.ActiveCfg = Release|Any CPU
		{C6265FEC-ADF4-4D22-B396-1D022AD40AE7}.Release|iPhone.Build.0 = Release|Any CPU
		{C6265FEC-ADF4-4D22-B396-1D022AD40AE7}.Release|iPhone.Deploy.0 = Release|Any CPU
		{C6265FEC-ADF4-4D22-B396-1D022AD40AE7}.Release|iPhoneSimulator.ActiveCfg = Release|Any CPU
		{C6265FEC-ADF4-4D22-B396-1D022AD40AE7}.Release|iPhoneSimulator.Build.0 = Release|Any CPU
		{C6265FEC-ADF4-4D22-B396-1D022AD40AE7}.Release|iPhoneSimulator.Deploy.0 = Release|Any CPU
	EndGlobalSection
	GlobalSection(SolutionProperties) = preSolution
		HideSolutionNode = FALSE
	EndGlobalSection
	GlobalSection(ExtensibilityGlobals) = postSolution
		SolutionGuid = {53160C48-E254-41F5-ACDB-92A5746686BD}
	EndGlobalSection
EndGlobal
